
Microsoft Visual Studio Solution File, Format Version 12.00
# Visual Studio Version 17
VisualStudioVersion = 17.10.34916.146
MinimumVisualStudioVersion = 10.0.40219.1
Project("{9A19103F-16F7-4668-BE54-9A1E7A4F7556}") = "ManagementToolProject", "ManagementToolProject\ManagementToolProject.csproj", "{640ED80F-B50F-4F37-807F-82062C4209E7}"
EndProject
Global
	GlobalSection(SolutionConfigurationPlatforms) = preSolution
		Debug|Any CPU = Debug|Any CPU
		Release|Any CPU = Release|Any CPU
	EndGlobalSection
	GlobalSection(ProjectConfigurationPlatforms) = postSolution
		{640ED80F-B50F-4F37-807F-82062C4209E7}.Debug|Any CPU.ActiveCfg = Debug|Any CPU
		{640ED80F-B50F-4F37-807F-82062C4209E7}.Debug|Any CPU.Build.0 = Debug|Any CPU
		{640ED80F-B50F-4F37-807F-82062C4209E7}.Release|Any CPU.ActiveCfg = Release|Any CPU
		{640ED80F-B50F-4F37-807F-82062C4209E7}.Release|Any CPU.Build.0 = Release|Any CPU
	EndGlobalSection
	GlobalSection(SolutionProperties) = preSolution
		HideSolutionNode = FALSE
	EndGlobalSection
	GlobalSection(ExtensibilityGlobals) = postSolution
		SolutionGuid = {BF71100A-58F9-484F-B39F-EA2B9E8DA770}
	EndGlobalSection
EndGlobal
